
Microsoft Visual Studio Solution File, Format Version 11.00
# Visual C++ Express 2010
Project("{8BC9CEB8-8B4A-11D0-8D11-00A0C91BC942}") = "ibeosdk", "src\ibeosdk\ibeosdk.vcxproj", "{588534A6-BF22-841C-3A0A-035F187CCF4D}"
EndProject
Project("{8BC9CEB8-8B4A-11D0-8D11-00A0C91BC942}") = "IbeoSdkLuxLiveDemo", "src\demo\IbeoSdkLuxLiveDemoProject\IbeoSdkLuxLiveDemo.vcxproj", "{98CBCF69-6483-4DF2-97D7-D2F0021040EB}"
	ProjectSection(ProjectDependencies) = postProject
		{588534A6-BF22-841C-3A0A-035F187CCF4D} = {588534A6-BF22-841C-3A0A-035F187CCF4D}
	EndProjectSection
EndProject
Project("{8BC9CEB8-8B4A-11D0-8D11-00A0C91BC942}") = "IbeoSdkEcuLiveDemo", "src\demo\IbeoSdkEcuLiveDemoProject\IbeoSdkEcuLiveDemo.vcxproj", "{7EBB3975-CBE1-4FF5-B628-319768884F90}"
	ProjectSection(ProjectDependencies) = postProject
		{588534A6-BF22-841C-3A0A-035F187CCF4D} = {588534A6-BF22-841C-3A0A-035F187CCF4D}
	EndProjectSection
EndProject
Project("{8BC9CEB8-8B4A-11D0-8D11-00A0C91BC942}") = "IbeoSdkFileDemo", "src\demo\IbeoSdkFileDemoProject\IbeoSdkFileDemo.vcxproj", "{D13DC975-93A6-4EB1-AE20-1866DF983810}"
	ProjectSection(ProjectDependencies) = postProject
		{588534A6-BF22-841C-3A0A-035F187CCF4D} = {588534A6-BF22-841C-3A0A-035F187CCF4D}
	EndProjectSection
EndProject
Project("{8BC9CEB8-8B4A-11D0-8D11-00A0C91BC942}") = "IbeoSdkWriterDemo", "src\demo\IbeoSdkWriterDemoProject\IbeoSdkWriterDemo.vcxproj", "{B3704AED-7929-437D-9589-F401B0196983}"
	ProjectSection(ProjectDependencies) = postProject
		{588534A6-BF22-841C-3A0A-035F187CCF4D} = {588534A6-BF22-841C-3A0A-035F187CCF4D}
	EndProjectSection
EndProject
Project("{8BC9CEB8-8B4A-11D0-8D11-00A0C91BC942}") = "IbeoSdkScalaLiveDemo", "src\demo\IbeoSdkScalaLiveDemo\IbeoSdkScalaLiveDemo.vcxproj", "{364421D9-218F-4679-957D-5BC519E3A3F5}"
	ProjectSection(ProjectDependencies) = postProject
		{588534A6-BF22-841C-3A0A-035F187CCF4D} = {588534A6-BF22-841C-3A0A-035F187CCF4D}
	EndProjectSection
EndProject
Project("{8BC9CEB8-8B4A-11D0-8D11-00A0C91BC942}") = "IbeoSdkMiniLuxLiveDemo", "src\demo\IbeoSdkMiniLuxLiveDemo\IbeoSdkMiniLuxLiveDemo.vcxproj", "{93124108-3B16-4734-84D8-F6130AA87A16}"
	ProjectSection(ProjectDependencies) = postProject
		{588534A6-BF22-841C-3A0A-035F187CCF4D} = {588534A6-BF22-841C-3A0A-035F187CCF4D}
	EndProjectSection
EndProject
Project("{8BC9CEB8-8B4A-11D0-8D11-00A0C91BC942}") = "IbeoSdkLuxHrLiveDemo", "src\demo\IbeoSdkLuxHrLiveDemoProject\IbeoSdkLuxHrLiveDemo.vcxproj", "{E86F0939-1C95-421D-AB4F-CB8D624C4A54}"
	ProjectSection(ProjectDependencies) = postProject
		{588534A6-BF22-841C-3A0A-035F187CCF4D} = {588534A6-BF22-841C-3A0A-035F187CCF4D}
	EndProjectSection
EndProject
Project("{8BC9CEB8-8B4A-11D0-8D11-00A0C91BC942}") = "IdcMergerTool", "src\tools\IdcMergerToolProject\IdcMergerTool.vcxproj", "{E2A2B730-430F-4B19-9CE7-8B37AC499977}"
	ProjectSection(ProjectDependencies) = postProject
		{588534A6-BF22-841C-3A0A-035F187CCF4D} = {588534A6-BF22-841C-3A0A-035F187CCF4D}
	EndProjectSection
EndProject
Project("{8BC9CEB8-8B4A-11D0-8D11-00A0C91BC942}") = "IdcRepairTool", "src\tools\IdcRepairToolProject\IdcRepairTool.vcxproj", "{BA97A4DC-0599-4A82-A00D-B1A1A570B645}"
	ProjectSection(ProjectDependencies) = postProject
		{588534A6-BF22-841C-3A0A-035F187CCF4D} = {588534A6-BF22-841C-3A0A-035F187CCF4D}
	EndProjectSection
EndProject
Project("{8BC9CEB8-8B4A-11D0-8D11-00A0C91BC942}") = "IbeoSdkTrackingBoxLiveDemo", "src\demo\IbeoSdkTrackingBoxLiveDemoProject\IbeoSdkTrackingBoxLiveDemo.vcxproj", "{98F83D08-EEAC-4050-A343-04D214B82B2A}"
	ProjectSection(ProjectDependencies) = postProject
		{588534A6-BF22-841C-3A0A-035F187CCF4D} = {588534A6-BF22-841C-3A0A-035F187CCF4D}
	EndProjectSection
EndProject
Project("{8BC9CEB8-8B4A-11D0-8D11-00A0C91BC942}") = "IbeoSdkPointCloudPlane7510Demo", "src\demo\IbeoSdkPointCloudPlane7510DemoProject\IbeoSdkPointCloudPlane7510Demo.vcxproj", "{A30E8DA8-238B-4A48-AF6B-8B9D164393C6}"
	ProjectSection(ProjectDependencies) = postProject
		{588534A6-BF22-841C-3A0A-035F187CCF4D} = {588534A6-BF22-841C-3A0A-035F187CCF4D}
	EndProjectSection
EndProject
Project("{8BC9CEB8-8B4A-11D0-8D11-00A0C91BC942}") = "IbeoSdkMetaInformationDemo", "src\demo\IbeoSdkMetaInformationDemoProject\IbeoSdkMetaInformationDemo.vcxproj", "{6684DF85-5EC2-4DFB-A308-917F48C520BB}"
	ProjectSection(ProjectDependencies) = postProject
		{588534A6-BF22-841C-3A0A-035F187CCF4D} = {588534A6-BF22-841C-3A0A-035F187CCF4D}
	EndProjectSection
EndProject
Project("{8BC9CEB8-8B4A-11D0-8D11-00A0C91BC942}") = "IbeoSdkEcuSimDemo", "src\demo\IbeoSdkEcuSimDemoProject\IbeoSdkEcuSimDemo.vcxproj", "{DF9BC604-6E87-4543-A565-5F48FD0AC0A9}"
	ProjectSection(ProjectDependencies) = postProject
		{588534A6-BF22-841C-3A0A-035F187CCF4D} = {588534A6-BF22-841C-3A0A-035F187CCF4D}
	EndProjectSection
EndProject
Project("{8BC9CEB8-8B4A-11D0-8D11-00A0C91BC942}") = "IbeoSdkScalaSimDemo", "src\demo\IbeoSdkScalaSimDemoProject\IbeoSdkScalaSimDemo.vcxproj", "{C51A1EE3-2E8B-4157-8366-039B4C9AF0D7}"
	ProjectSection(ProjectDependencies) = postProject
		{588534A6-BF22-841C-3A0A-035F187CCF4D} = {588534A6-BF22-841C-3A0A-035F187CCF4D}
	EndProjectSection
EndProject
Project("{8BC9CEB8-8B4A-11D0-8D11-00A0C91BC942}") = "IbeoSdkCarriageWayList6970Demo", "src\demo\IbeoSdkCarriageWayList6970DemoProject\IbeoSdkCarriageWayList6970Demo.vcxproj", "{44C586C4-FD5E-40E1-9A7F-8F39E88DA749}"
	ProjectSection(ProjectDependencies) = postProject
		{588534A6-BF22-841C-3A0A-035F187CCF4D} = {588534A6-BF22-841C-3A0A-035F187CCF4D}
	EndProjectSection
EndProject
Project("{8BC9CEB8-8B4A-11D0-8D11-00A0C91BC942}") = "IbeoSdkLaneEvaluationDemo", "src\demo\IbeoSdkLaneEvaluationDemoProject\IbeoSdkLaneEvaluationDemo.vcxproj", "{0A7DF8B1-44F4-4E83-A76C-DBC59FC6CF54}"
	ProjectSection(ProjectDependencies) = postProject
		{588534A6-BF22-841C-3A0A-035F187CCF4D} = {588534A6-BF22-841C-3A0A-035F187CCF4D}
	EndProjectSection
EndProject
Project("{8BC9CEB8-8B4A-11D0-8D11-00A0C91BC942}") = "ScalaUdpLiveDemo", "src\demo\ScalaUdpLiveDemoProject\ScalaUdpLiveDemo.vcxproj", "{E7E2AEAE-5C0A-4290-B95C-541D1BB60175}"
	ProjectSection(ProjectDependencies) = postProject
		{588534A6-BF22-841C-3A0A-035F187CCF4D} = {588534A6-BF22-841C-3A0A-035F187CCF4D}
	EndProjectSection
EndProject
Project("{8BC9CEB8-8B4A-11D0-8D11-00A0C91BC942}") = "ScalaUdpSimDemo", "src\demo\ScalaUdpSimDemoProject\ScalaUdpSimDemo.vcxproj", "{BEC75A41-4E82-420C-9CA5-3CBDC99CDE57}"
	ProjectSection(ProjectDependencies) = postProject
		{588534A6-BF22-841C-3A0A-035F187CCF4D} = {588534A6-BF22-841C-3A0A-035F187CCF4D}
	EndProjectSection
EndProject
Global
	GlobalSection(SolutionConfigurationPlatforms) = preSolution
		Debug|Win32 = Debug|Win32
		Release|Win32 = Release|Win32
	EndGlobalSection
	GlobalSection(ProjectConfigurationPlatforms) = postSolution
		{588534A6-BF22-841C-3A0A-035F187CCF4D}.Debug|Win32.ActiveCfg = Debug|Win32
		{588534A6-BF22-841C-3A0A-035F187CCF4D}.Debug|Win32.Build.0 = Debug|Win32
		{588534A6-BF22-841C-3A0A-035F187CCF4D}.Release|Win32.ActiveCfg = Release|Win32
		{588534A6-BF22-841C-3A0A-035F187CCF4D}.Release|Win32.Build.0 = Release|Win32
		{98CBCF69-6483-4DF2-97D7-D2F0021040EB}.Debug|Win32.ActiveCfg = Debug|Win32
		{98CBCF69-6483-4DF2-97D7-D2F0021040EB}.Debug|Win32.Build.0 = Debug|Win32
		{98CBCF69-6483-4DF2-97D7-D2F0021040EB}.Release|Win32.ActiveCfg = Release|Win32
		{98CBCF69-6483-4DF2-97D7-D2F0021040EB}.Release|Win32.Build.0 = Release|Win32
		{7EBB3975-CBE1-4FF5-B628-319768884F90}.Debug|Win32.ActiveCfg = Debug|Win32
		{7EBB3975-CBE1-4FF5-B628-319768884F90}.Debug|Win32.Build.0 = Debug|Win32
		{7EBB3975-CBE1-4FF5-B628-319768884F90}.Release|Win32.ActiveCfg = Release|Win32
		{7EBB3975-CBE1-4FF5-B628-319768884F90}.Release|Win32.Build.0 = Release|Win32
		{D13DC975-93A6-4EB1-AE20-1866DF983810}.Debug|Win32.ActiveCfg = Debug|Win32
		{D13DC975-93A6-4EB1-AE20-1866DF983810}.Debug|Win32.Build.0 = Debug|Win32
		{D13DC975-93A6-4EB1-AE20-1866DF983810}.Release|Win32.ActiveCfg = Release|Win32
		{D13DC975-93A6-4EB1-AE20-1866DF983810}.Release|Win32.Build.0 = Release|Win32
		{B3704AED-7929-437D-9589-F401B0196983}.Debug|Win32.ActiveCfg = Debug|Win32
		{B3704AED-7929-437D-9589-F401B0196983}.Debug|Win32.Build.0 = Debug|Win32
		{B3704AED-7929-437D-9589-F401B0196983}.Release|Win32.ActiveCfg = Release|Win32
		{B3704AED-7929-437D-9589-F401B0196983}.Release|Win32.Build.0 = Release|Win32
		{364421D9-218F-4679-957D-5BC519E3A3F5}.Debug|Win32.ActiveCfg = Debug|Win32
		{364421D9-218F-4679-957D-5BC519E3A3F5}.Debug|Win32.Build.0 = Debug|Win32
		{364421D9-218F-4679-957D-5BC519E3A3F5}.Release|Win32.ActiveCfg = Release|Win32
		{364421D9-218F-4679-957D-5BC519E3A3F5}.Release|Win32.Build.0 = Release|Win32
		{93124108-3B16-4734-84D8-F6130AA87A16}.Debug|Win32.ActiveCfg = Debug|Win32
		{93124108-3B16-4734-84D8-F6130AA87A16}.Debug|Win32.Build.0 = Debug|Win32
		{93124108-3B16-4734-84D8-F6130AA87A16}.Release|Win32.ActiveCfg = Release|Win32
		{93124108-3B16-4734-84D8-F6130AA87A16}.Release|Win32.Build.0 = Release|Win32
		{E86F0939-1C95-421D-AB4F-CB8D624C4A54}.Debug|Win32.ActiveCfg = Debug|Win32
		{E86F0939-1C95-421D-AB4F-CB8D624C4A54}.Debug|Win32.Build.0 = Debug|Win32
		{E86F0939-1C95-421D-AB4F-CB8D624C4A54}.Release|Win32.ActiveCfg = Release|Win32
		{E86F0939-1C95-421D-AB4F-CB8D624C4A54}.Release|Win32.Build.0 = Release|Win32
		{E2A2B730-430F-4B19-9CE7-8B37AC499977}.Debug|Win32.ActiveCfg = Debug|Win32
		{E2A2B730-430F-4B19-9CE7-8B37AC499977}.Debug|Win32.Build.0 = Debug|Win32
		{E2A2B730-430F-4B19-9CE7-8B37AC499977}.Release|Win32.ActiveCfg = Release|Win32
		{E2A2B730-430F-4B19-9CE7-8B37AC499977}.Release|Win32.Build.0 = Release|Win32
		{BA97A4DC-0599-4A82-A00D-B1A1A570B645}.Debug|Win32.ActiveCfg = Debug|Win32
		{BA97A4DC-0599-4A82-A00D-B1A1A570B645}.Debug|Win32.Build.0 = Debug|Win32
		{BA97A4DC-0599-4A82-A00D-B1A1A570B645}.Release|Win32.ActiveCfg = Release|Win32
		{BA97A4DC-0599-4A82-A00D-B1A1A570B645}.Release|Win32.Build.0 = Release|Win32
		{98F83D08-EEAC-4050-A343-04D214B82B2A}.Debug|Win32.ActiveCfg = Debug|Win32
		{98F83D08-EEAC-4050-A343-04D214B82B2A}.Debug|Win32.Build.0 = Debug|Win32
		{98F83D08-EEAC-4050-A343-04D214B82B2A}.Release|Win32.ActiveCfg = Release|Win32
		{98F83D08-EEAC-4050-A343-04D214B82B2A}.Release|Win32.Build.0 = Release|Win32
		{A30E8DA8-238B-4A48-AF6B-8B9D164393C6}.Debug|Win32.ActiveCfg = Debug|Win32
		{A30E8DA8-238B-4A48-AF6B-8B9D164393C6}.Debug|Win32.Build.0 = Debug|Win32
		{A30E8DA8-238B-4A48-AF6B-8B9D164393C6}.Release|Win32.ActiveCfg = Release|Win32
		{A30E8DA8-238B-4A48-AF6B-8B9D164393C6}.Release|Win32.Build.0 = Release|Win32
		{6684DF85-5EC2-4DFB-A308-917F48C520BB}.Debug|Win32.ActiveCfg = Debug|Win32
		{6684DF85-5EC2-4DFB-A308-917F48C520BB}.Debug|Win32.Build.0 = Debug|Win32
		{6684DF85-5EC2-4DFB-A308-917F48C520BB}.Release|Win32.ActiveCfg = Release|Win32
		{6684DF85-5EC2-4DFB-A308-917F48C520BB}.Release|Win32.Build.0 = Release|Win32
		{DF9BC604-6E87-4543-A565-5F48FD0AC0A9}.Debug|Win32.ActiveCfg = Debug|Win32
		{DF9BC604-6E87-4543-A565-5F48FD0AC0A9}.Debug|Win32.Build.0 = Debug|Win32
		{DF9BC604-6E87-4543-A565-5F48FD0AC0A9}.Release|Win32.ActiveCfg = Release|Win32
		{DF9BC604-6E87-4543-A565-5F48FD0AC0A9}.Release|Win32.Build.0 = Release|Win32
		{C51A1EE3-2E8B-4157-8366-039B4C9AF0D7}.Debug|Win32.ActiveCfg = Debug|Win32
		{C51A1EE3-2E8B-4157-8366-039B4C9AF0D7}.Debug|Win32.Build.0 = Debug|Win32
		{C51A1EE3-2E8B-4157-8366-039B4C9AF0D7}.Release|Win32.ActiveCfg = Release|Win32
		{C51A1EE3-2E8B-4157-8366-039B4C9AF0D7}.Release|Win32.Build.0 = Release|Win32
		{44C586C4-FD5E-40E1-9A7F-8F39E88DA749}.Debug|Win32.ActiveCfg = Debug|Win32
		{44C586C4-FD5E-40E1-9A7F-8F39E88DA749}.Debug|Win32.Build.0 = Debug|Win32
		{44C586C4-FD5E-40E1-9A7F-8F39E88DA749}.Release|Win32.ActiveCfg = Release|Win32
		{44C586C4-FD5E-40E1-9A7F-8F39E88DA749}.Release|Win32.Build.0 = Release|Win32
		{0A7DF8B1-44F4-4E83-A76C-DBC59FC6CF54}.Debug|Win32.ActiveCfg = Debug|Win32
		{0A7DF8B1-44F4-4E83-A76C-DBC59FC6CF54}.Debug|Win32.Build.0 = Debug|Win32
		{0A7DF8B1-44F4-4E83-A76C-DBC59FC6CF54}.Release|Win32.ActiveCfg = Release|Win32
		{0A7DF8B1-44F4-4E83-A76C-DBC59FC6CF54}.Release|Win32.Build.0 = Release|Win32
		{E7E2AEAE-5C0A-4290-B95C-541D1BB60175}.Debug|Win32.ActiveCfg = Debug|Win32
		{E7E2AEAE-5C0A-4290-B95C-541D1BB60175}.Debug|Win32.Build.0 = Debug|Win32
		{E7E2AEAE-5C0A-4290-B95C-541D1BB60175}.Release|Win32.ActiveCfg = Release|Win32
		{E7E2AEAE-5C0A-4290-B95C-541D1BB60175}.Release|Win32.Build.0 = Release|Win32
		{BEC75A41-4E82-420C-9CA5-3CBDC99CDE57}.Debug|Win32.ActiveCfg = Debug|Win32
		{BEC75A41-4E82-420C-9CA5-3CBDC99CDE57}.Debug|Win32.Build.0 = Debug|Win32
		{BEC75A41-4E82-420C-9CA5-3CBDC99CDE57}.Release|Win32.ActiveCfg = Release|Win32
		{BEC75A41-4E82-420C-9CA5-3CBDC99CDE57}.Release|Win32.Build.0 = Release|Win32
	EndGlobalSection
	GlobalSection(SolutionProperties) = preSolution
		HideSolutionNode = FALSE
	EndGlobalSection
EndGlobal
